// !$*UTF8*$!
{
	archiveVersion = 1;
	classes = {
	};
	objectVersion = 56;
	objects = {

/* Begin PBXBuildFile section */
		B554ED712CD594A500131D84 /* MemorizeApp.swift in Sources */ = {isa = PBXBuildFile; fileRef = B554ED702CD594A500131D84 /* MemorizeApp.swift */; };
		B554ED732CD594A500131D84 /* EmojiMemoryGameView.swift in Sources */ = {isa = PBXBuildFile; fileRef = B554ED722CD594A500131D84 /* EmojiMemoryGameView.swift */; };
		B554ED752CD594A700131D84 /* Assets.xcassets in Resources */ = {isa = PBXBuildFile; fileRef = B554ED742CD594A700131D84 /* Assets.xcassets */; };
		B554ED782CD594A700131D84 /* Preview Assets.xcassets in Resources */ = {isa = PBXBuildFile; fileRef = B554ED772CD594A700131D84 /* Preview Assets.xcassets */; };
		B59EA2AD2CD8ADA800738001 /* MemoryGame.swift in Sources */ = {isa = PBXBuildFile; fileRef = B59EA2AC2CD8ADA800738001 /* MemoryGame.swift */; };
		B59EA2AF2CD8AF8400738001 /* EmojiMemoryGame.swift in Sources */ = {isa = PBXBuildFile; fileRef = B59EA2AE2CD8AF8400738001 /* EmojiMemoryGame.swift */; };
		B59EA2EF2CD9D8AA00738001 /* MemoryTheme.swift in Sources */ = {isa = PBXBuildFile; fileRef = B59EA2EE2CD9D8AA00738001 /* MemoryTheme.swift */; };
		B59EA2F32CDA1B2600738001 /* AspectVGrid.swift in Sources */ = {isa = PBXBuildFile; fileRef = B59EA2F22CDA1B2600738001 /* AspectVGrid.swift */; };
		B59EA2F52CDB078500738001 /* CardView.swift in Sources */ = {isa = PBXBuildFile; fileRef = B59EA2F42CDB078500738001 /* CardView.swift */; };
		B59EA2F72CDB0E7100738001 /* Pie.swift in Sources */ = {isa = PBXBuildFile; fileRef = B59EA2F62CDB0E7100738001 /* Pie.swift */; };
		B59EA2F92CDB149300738001 /* Cardify.swift in Sources */ = {isa = PBXBuildFile; fileRef = B59EA2F82CDB149300738001 /* Cardify.swift */; };
		B59EA3182CDB2F8900738001 /* FlyingNumber.swift in Sources */ = {isa = PBXBuildFile; fileRef = B59EA3172CDB2F8900738001 /* FlyingNumber.swift */; };
/* End PBXBuildFile section */

/* Begin PBXFileReference section */
		B554ED6D2CD594A500131D84 /* Memorize.app */ = {isa = PBXFileReference; explicitFileType = wrapper.application; includeInIndex = 0; path = Memorize.app; sourceTree = BUILT_PRODUCTS_DIR; };
		B554ED702CD594A500131D84 /* MemorizeApp.swift */ = {isa = PBXFileReference; lastKnownFileType = sourcecode.swift; path = MemorizeApp.swift; sourceTree = "<group>"; };
		B554ED722CD594A500131D84 /* EmojiMemoryGameView.swift */ = {isa = PBXFileReference; lastKnownFileType = sourcecode.swift; path = EmojiMemoryGameView.swift; sourceTree = "<group>"; };
		B554ED742CD594A700131D84 /* Assets.xcassets */ = {isa = PBXFileReference; lastKnownFileType = folder.assetcatalog; path = Assets.xcassets; sourceTree = "<group>"; };
		B554ED772CD594A700131D84 /* Preview Assets.xcassets */ = {isa = PBXFileReference; lastKnownFileType = folder.assetcatalog; path = "Preview Assets.xcassets"; sourceTree = "<group>"; };
		B59EA2AC2CD8ADA800738001 /* MemoryGame.swift */ = {isa = PBXFileReference; lastKnownFileType = sourcecode.swift; path = MemoryGame.swift; sourceTree = "<group>"; };
		B59EA2AE2CD8AF8400738001 /* EmojiMemoryGame.swift */ = {isa = PBXFileReference; lastKnownFileType = sourcecode.swift; path = EmojiMemoryGame.swift; sourceTree = "<group>"; };
		B59EA2EE2CD9D8AA00738001 /* MemoryTheme.swift */ = {isa = PBXFileReference; lastKnownFileType = sourcecode.swift; path = MemoryTheme.swift; sourceTree = "<group>"; };
		B59EA2F22CDA1B2600738001 /* AspectVGrid.swift */ = {isa = PBXFileReference; lastKnownFileType = sourcecode.swift; path = AspectVGrid.swift; sourceTree = "<group>"; };
		B59EA2F42CDB078500738001 /* CardView.swift */ = {isa = PBXFileReference; lastKnownFileType = sourcecode.swift; path = CardView.swift; sourceTree = "<group>"; };
		B59EA2F62CDB0E7100738001 /* Pie.swift */ = {isa = PBXFileReference; lastKnownFileType = sourcecode.swift; path = Pie.swift; sourceTree = "<group>"; };
		B59EA2F82CDB149300738001 /* Cardify.swift */ = {isa = PBXFileReference; lastKnownFileType = sourcecode.swift; path = Cardify.swift; sourceTree = "<group>"; };
		B59EA3172CDB2F8900738001 /* FlyingNumber.swift */ = {isa = PBXFileReference; lastKnownFileType = sourcecode.swift; path = FlyingNumber.swift; sourceTree = "<group>"; };
/* End PBXFileReference section */

/* Begin PBXFrameworksBuildPhase section */
		B554ED6A2CD594A500131D84 /* Frameworks */ = {
			isa = PBXFrameworksBuildPhase;
			buildActionMask = 2147483647;
			files = (
			);
			runOnlyForDeploymentPostprocessing = 0;
		};
/* End PBXFrameworksBuildPhase section */

/* Begin PBXGroup section */
		B554ED642CD594A500131D84 = {
			isa = PBXGroup;
			children = (
				B554ED6F2CD594A500131D84 /* Memorize */,
				B554ED6E2CD594A500131D84 /* Products */,
			);
			sourceTree = "<group>";
		};
		B554ED6E2CD594A500131D84 /* Products */ = {
			isa = PBXGroup;
			children = (
				B554ED6D2CD594A500131D84 /* Memorize.app */,
			);
			name = Products;
			sourceTree = "<group>";
		};
		B554ED6F2CD594A500131D84 /* Memorize */ = {
			isa = PBXGroup;
			children = (
				B59EA2EE2CD9D8AA00738001 /* MemoryTheme.swift */,
				B554ED702CD594A500131D84 /* MemorizeApp.swift */,
				B554ED722CD594A500131D84 /* EmojiMemoryGameView.swift */,
				B59EA3172CDB2F8900738001 /* FlyingNumber.swift */,
				B59EA2F42CDB078500738001 /* CardView.swift */,
				B59EA2F82CDB149300738001 /* Cardify.swift */,
				B59EA2F62CDB0E7100738001 /* Pie.swift */,
				B59EA2F22CDA1B2600738001 /* AspectVGrid.swift */,
				B59EA2AC2CD8ADA800738001 /* MemoryGame.swift */,
				B59EA2AE2CD8AF8400738001 /* EmojiMemoryGame.swift */,
				B554ED742CD594A700131D84 /* Assets.xcassets */,
				B554ED762CD594A700131D84 /* Preview Content */,
			);
			path = Memorize;
			sourceTree = "<group>";
		};
		B554ED762CD594A700131D84 /* Preview Content */ = {
			isa = PBXGroup;
			children = (
				B554ED772CD594A700131D84 /* Preview Assets.xcassets */,
			);
			path = "Preview Content";
			sourceTree = "<group>";
		};
/* End PBXGroup section */

/* Begin PBXNativeTarget section */
		B554ED6C2CD594A500131D84 /* Memorize */ = {
			isa = PBXNativeTarget;
			buildConfigurationList = B554ED7B2CD594A700131D84 /* Build configuration list for PBXNativeTarget "Memorize" */;
			buildPhases = (
				B554ED692CD594A500131D84 /* Sources */,
				B554ED6A2CD594A500131D84 /* Frameworks */,
				B554ED6B2CD594A500131D84 /* Resources */,
			);
			buildRules = (
			);
			dependencies = (
			);
			name = Memorize;
			productName = Memorize;
			productReference = B554ED6D2CD594A500131D84 /* Memorize.app */;
			productType = "com.apple.product-type.application";
		};
/* End PBXNativeTarget section */

/* Begin PBXProject section */
		B554ED652CD594A500131D84 /* Project object */ = {
			isa = PBXProject;
			attributes = {
				BuildIndependentTargetsInParallel = 1;
				LastSwiftUpdateCheck = 1520;
				LastUpgradeCheck = 1520;
				TargetAttributes = {
					B554ED6C2CD594A500131D84 = {
						CreatedOnToolsVersion = 15.2;
					};
				};
			};
			buildConfigurationList = B554ED682CD594A500131D84 /* Build configuration list for PBXProject "Memorize" */;
			compatibilityVersion = "Xcode 14.0";
			developmentRegion = en;
			hasScannedForEncodings = 0;
			knownRegions = (
				en,
				Base,
			);
			mainGroup = B554ED642CD594A500131D84;
			productRefGroup = B554ED6E2CD594A500131D84 /* Products */;
			projectDirPath = "";
			projectRoot = "";
			targets = (
				B554ED6C2CD594A500131D84 /* Memorize */,
			);
		};
/* End PBXProject section */

/* Begin PBXResourcesBuildPhase section */
		B554ED6B2CD594A500131D84 /* Resources */ = {
			isa = PBXResourcesBuildPhase;
			buildActionMask = 2147483647;
			files = (
				B554ED782CD594A700131D84 /* Preview Assets.xcassets in Resources */,
				B554ED752CD594A700131D84 /* Assets.xcassets in Resources */,
			);
			runOnlyForDeploymentPostprocessing = 0;
		};
/* End PBXResourcesBuildPhase section */

/* Begin PBXSourcesBuildPhase section */
		B554ED692CD594A500131D84 /* Sources */ = {
			isa = PBXSourcesBuildPhase;
			buildActionMask = 2147483647;
			files = (
				B59EA2F52CDB078500738001 /* CardView.swift in Sources */,
				B59EA2EF2CD9D8AA00738001 /* MemoryTheme.swift in Sources */,
				B59EA2F72CDB0E7100738001 /* Pie.swift in Sources */,
				B59EA2F92CDB149300738001 /* Cardify.swift in Sources */,
				B554ED732CD594A500131D84 /* EmojiMemoryGameView.swift in Sources */,
				B59EA2F32CDA1B2600738001 /* AspectVGrid.swift in Sources */,
				B554ED712CD594A500131D84 /* MemorizeApp.swift in Sources */,
				B59EA2AD2CD8ADA800738001 /* MemoryGame.swift in Sources */,
				B59EA2AF2CD8AF8400738001 /* EmojiMemoryGame.swift in Sources */,
				B59EA3182CDB2F8900738001 /* FlyingNumber.swift in Sources */,
			);
			runOnlyForDeploymentPostprocessing = 0;
		};
/* End PBXSourcesBuildPhase section */

/* Begin XCBuildConfiguration section */
		B554ED792CD594A700131D84 /* Debug */ = {
			isa = XCBuildConfiguration;
			buildSettings = {
				ALWAYS_SEARCH_USER_PATHS = NO;
				ASSETCATALOG_COMPILER_GENERATE_SWIFT_ASSET_SYMBOL_EXTENSIONS = YES;
				CLANG_ANALYZER_NONNULL = YES;
				CLANG_ANALYZER_NUMBER_OBJECT_CONVERSION = YES_AGGRESSIVE;
				CLANG_CXX_LANGUAGE_STANDARD = "gnu++20";
				CLANG_ENABLE_MODULES = YES;
				CLANG_ENABLE_OBJC_ARC = YES;
				CLANG_ENABLE_OBJC_WEAK = YES;
				CLANG_WARN_BLOCK_CAPTURE_AUTORELEASING = YES;
				CLANG_WARN_BOOL_CONVERSION = YES;
				CLANG_WARN_COMMA = YES;
				CLANG_WARN_CONSTANT_CONVERSION = YES;
				CLANG_WARN_DEPRECATED_OBJC_IMPLEMENTATIONS = YES;
				CLANG_WARN_DIRECT_OBJC_ISA_USAGE = YES_ERROR;
				CLANG_WARN_DOCUMENTATION_COMMENTS = YES;
				CLANG_WARN_EMPTY_BODY = YES;
				CLANG_WARN_ENUM_CONVERSION = YES;
				CLANG_WARN_INFINITE_RECURSION = YES;
				CLANG_WARN_INT_CONVERSION = YES;
				CLANG_WARN_NON_LITERAL_NULL_CONVERSION = YES;
				CLANG_WARN_OBJC_IMPLICIT_RETAIN_SELF = YES;
				CLANG_WARN_OBJC_LITERAL_CONVERSION = YES;
				CLANG_WARN_OBJC_ROOT_CLASS = YES_ERROR;
				CLANG_WARN_QUOTED_INCLUDE_IN_FRAMEWORK_HEADER = YES;
				CLANG_WARN_RANGE_LOOP_ANALYSIS = YES;
				CLANG_WARN_STRICT_PROTOTYPES = YES;
				CLANG_WARN_SUSPICIOUS_MOVE = YES;
				CLANG_WARN_UNGUARDED_AVAILABILITY = YES_AGGRESSIVE;
				CLANG_WARN_UNREACHABLE_CODE = YES;
				CLANG_WARN__DUPLICATE_METHOD_MATCH = YES;
				COPY_PHASE_STRIP = NO;
				DEBUG_INFORMATION_FORMAT = dwarf;
				ENABLE_STRICT_OBJC_MSGSEND = YES;
				ENABLE_TESTABILITY = YES;
				ENABLE_USER_SCRIPT_SANDBOXING = YES;
				GCC_C_LANGUAGE_STANDARD = gnu17;
				GCC_DYNAMIC_NO_PIC = NO;
				GCC_NO_COMMON_BLOCKS = YES;
				GCC_OPTIMIZATION_LEVEL = 0;
				GCC_PREPROCESSOR_DEFINITIONS = (
					"DEBUG=1",
					"$(inherited)",
				);
				GCC_WARN_64_TO_32_BIT_CONVERSION = YES;
				GCC_WARN_ABOUT_RETURN_TYPE = YES_ERROR;
				GCC_WARN_UNDECLARED_SELECTOR = YES;
				GCC_WARN_UNINITIALIZED_AUTOS = YES_AGGRESSIVE;
				GCC_WARN_UNUSED_FUNCTION = YES;
				GCC_WARN_UNUSED_VARIABLE = YES;
				IPHONEOS_DEPLOYMENT_TARGET = 17.2;
				LOCALIZATION_PREFERS_STRING_CATALOGS = YES;
				MTL_ENABLE_DEBUG_INFO = INCLUDE_SOURCE;
				MTL_FAST_MATH = YES;
				ONLY_ACTIVE_ARCH = YES;
				SDKROOT = iphoneos;
				SWIFT_ACTIVE_COMPILATION_CONDITIONS = "DEBUG $(inherited)";
				SWIFT_OPTIMIZATION_LEVEL = "-Onone";
			};
			name = Debug;
		};
		B554ED7A2CD594A700131D84 /* Release */ = {
			isa = XCBuildConfiguration;
			buildSettings = {
				ALWAYS_SEARCH_USER_PATHS = NO;
				ASSETCATALOG_COMPILER_GENERATE_SWIFT_ASSET_SYMBOL_EXTENSIONS = YES;
				CLANG_ANALYZER_NONNULL = YES;
				CLANG_ANALYZER_NUMBER_OBJECT_CONVERSION = YES_AGGRESSIVE;
				CLANG_CXX_LANGUAGE_STANDARD = "gnu++20";
				CLANG_ENABLE_MODULES = YES;
				CLANG_ENABLE_OBJC_ARC = YES;
				CLANG_ENABLE_OBJC_WEAK = YES;
				CLANG_WARN_BLOCK_CAPTURE_AUTORELEASING = YES;
				CLANG_WARN_BOOL_CONVERSION = YES;
				CLANG_WARN_COMMA = YES;
				CLANG_WARN_CONSTANT_CONVERSION = YES;
				CLANG_WARN_DEPRECATED_OBJC_IMPLEMENTATIONS = YES;
				CLANG_WARN_DIRECT_OBJC_ISA_USAGE = YES_ERROR;
				CLANG_WARN_DOCUMENTATION_COMMENTS = YES;
				CLANG_WARN_EMPTY_BODY = YES;
				CLANG_WARN_ENUM_CONVERSION = YES;
				CLANG_WARN_INFINITE_RECURSION = YES;
				CLANG_WARN_INT_CONVERSION = YES;
				CLANG_WARN_NON_LITERAL_NULL_CONVERSION = YES;
				CLANG_WARN_OBJC_IMPLICIT_RETAIN_SELF = YES;
				CLANG_WARN_OBJC_LITERAL_CONVERSION = YES;
				CLANG_WARN_OBJC_ROOT_CLASS = YES_ERROR;
				CLANG_WARN_QUOTED_INCLUDE_IN_FRAMEWORK_HEADER = YES;
				CLANG_WARN_RANGE_LOOP_ANALYSIS = YES;
				CLANG_WARN_STRICT_PROTOTYPES = YES;
				CLANG_WARN_SUSPICIOUS_MOVE = YES;
				CLANG_WARN_UNGUARDED_AVAILABILITY = YES_AGGRESSIVE;
				CLANG_WARN_UNREACHABLE_CODE = YES;
				CLANG_WARN__DUPLICATE_METHOD_MATCH = YES;
				COPY_PHASE_STRIP = NO;
				DEBUG_INFORMATION_FORMAT = "dwarf-with-dsym";
				ENABLE_NS_ASSERTIONS = NO;
				ENABLE_STRICT_OBJC_MSGSEND = YES;
				ENABLE_USER_SCRIPT_SANDBOXING = YES;
				GCC_C_LANGUAGE_STANDARD = gnu17;
				GCC_NO_COMMON_BLOCKS = YES;
				GCC_WARN_64_TO_32_BIT_CONVERSION = YES;
				GCC_WARN_ABOUT_RETURN_TYPE = YES_ERROR;
				GCC_WARN_UNDECLARED_SELECTOR = YES;
				GCC_WARN_UNINITIALIZED_AUTOS = YES_AGGRESSIVE;
				GCC_WARN_UNUSED_FUNCTION = YES;
				GCC_WARN_UNUSED_VARIABLE = YES;
				IPHONEOS_DEPLOYMENT_TARGET = 17.2;
				LOCALIZATION_PREFERS_STRING_CATALOGS = YES;
				MTL_ENABLE_DEBUG_INFO = NO;
				MTL_FAST_MATH = YES;
				SDKROOT = iphoneos;
				SWIFT_COMPILATION_MODE = wholemodule;
				VALIDATE_PRODUCT = YES;
			};
			name = Release;
		};
		B554ED7C2CD594A700131D84 /* Debug */ = {
			isa = XCBuildConfiguration;
			buildSettings = {
				ASSETCATALOG_COMPILER_APPICON_NAME = AppIcon;
				ASSETCATALOG_COMPILER_GLOBAL_ACCENT_COLOR_NAME = AccentColor;
				CODE_SIGN_STYLE = Automatic;
				CURRENT_PROJECT_VERSION = 1;
				DEVELOPMENT_ASSET_PATHS = "\"Memorize/Preview Content\"";
				DEVELOPMENT_TEAM = G2MGQ98AV9;
				ENABLE_PREVIEWS = YES;
				GENERATE_INFOPLIST_FILE = YES;
				INFOPLIST_KEY_UIApplicationSceneManifest_Generation = YES;
				INFOPLIST_KEY_UIApplicationSupportsIndirectInputEvents = YES;
				INFOPLIST_KEY_UILaunchScreen_Generation = YES;
				INFOPLIST_KEY_UISupportedInterfaceOrientations_iPad = "UIInterfaceOrientationPortrait UIInterfaceOrientationPortraitUpsideDown UIInterfaceOrientationLandscapeLeft UIInterfaceOrientationLandscapeRight";
				INFOPLIST_KEY_UISupportedInterfaceOrientations_iPhone = "UIInterfaceOrientationPortrait UIInterfaceOrientationLandscapeLeft UIInterfaceOrientationLandscapeRight";
				LD_RUNPATH_SEARCH_PATHS = (
					"$(inherited)",
					"@executable_path/Frameworks",
				);
				MARKETING_VERSION = 1.0;
				PRODUCT_BUNDLE_IDENTIFIER = edu.standford.cs193p.abrardfnadhif.Memorize;
				PRODUCT_NAME = "$(TARGET_NAME)";
				SWIFT_EMIT_LOC_STRINGS = YES;
				SWIFT_VERSION = 5.0;
				TARGETED_DEVICE_FAMILY = "1,2";
			};
			name = Debug;
		};
		B554ED7D2CD594A700131D84 /* Release */ = {
			isa = XCBuildConfiguration;
			buildSettings = {
				ASSETCATALOG_COMPILER_APPICON_NAME = AppIcon;
				ASSETCATALOG_COMPILER_GLOBAL_ACCENT_COLOR_NAME = AccentColor;
				CODE_SIGN_STYLE = Automatic;
				CURRENT_PROJECT_VERSION = 1;
				DEVELOPMENT_ASSET_PATHS = "\"Memorize/Preview Content\"";
				DEVELOPMENT_TEAM = G2MGQ98AV9;
				ENABLE_PREVIEWS = YES;
				GENERATE_INFOPLIST_FILE = YES;
				INFOPLIST_KEY_UIApplicationSceneManifest_Generation = YES;
				INFOPLIST_KEY_UIApplicationSupportsIndirectInputEvents = YES;
				INFOPLIST_KEY_UILaunchScreen_Generation = YES;
				INFOPLIST_KEY_UISupportedInterfaceOrientations_iPad = "UIInterfaceOrientationPortrait UIInterfaceOrientationPortraitUpsideDown UIInterfaceOrientationLandscapeLeft UIInterfaceOrientationLandscapeRight";
				INFOPLIST_KEY_UISupportedInterfaceOrientations_iPhone = "UIInterfaceOrientationPortrait UIInterfaceOrientationLandscapeLeft UIInterfaceOrientationLandscapeRight";
				LD_RUNPATH_SEARCH_PATHS = (
					"$(inherited)",
					"@executable_path/Frameworks",
				);
				MARKETING_VERSION = 1.0;
				PRODUCT_BUNDLE_IDENTIFIER = edu.standford.cs193p.abrardfnadhif.Memorize;
				PRODUCT_NAME = "$(TARGET_NAME)";
				SWIFT_EMIT_LOC_STRINGS = YES;
				SWIFT_VERSION = 5.0;
				TARGETED_DEVICE_FAMILY = "1,2";
			};
			name = Release;
		};
/* End XCBuildConfiguration section */

/* Begin XCConfigurationList section */
		B554ED682CD594A500131D84 /* Build configuration list for PBXProject "Memorize" */ = {
			isa = XCConfigurationList;
			buildConfigurations = (
				B554ED792CD594A700131D84 /* Debug */,
				B554ED7A2CD594A700131D84 /* Release */,
			);
			defaultConfigurationIsVisible = 0;
			defaultConfigurationName = Release;
		};
		B554ED7B2CD594A700131D84 /* Build configuration list for PBXNativeTarget "Memorize" */ = {
			isa = XCConfigurationList;
			buildConfigurations = (
				B554ED7C2CD594A700131D84 /* Debug */,
				B554ED7D2CD594A700131D84 /* Release */,
			);
			defaultConfigurationIsVisible = 0;
			defaultConfigurationName = Release;
		};
/* End XCConfigurationList section */
	};
	rootObject = B554ED652CD594A500131D84 /* Project object */;
}
